dependencies:
- name: account-lookup-http-oracle-svc
  repository: file://../account-lookup-http-oracle-svc
  version: 0.1.0
- name: account-lookup-svc
  repository: file://../account-lookup-svc
  version: 0.1.0
- name: accounts-and-balances-builtin-ledger-grpc-svc
  repository: file://../accounts-and-balances-builtin-ledger-grpc-svc
  version: 0.1.0
- name: accounts-and-balances-coa-grpc-svc
  repository: file://../accounts-and-balances-coa-grpc-svc
  version: 0.1.0
- name: admin-ui
  repository: file://../admin-ui
  version: 0.1.0
- name: auditing-svc
  repository: file://../auditing-svc
  version: 0.1.0
- name: authentication-svc
  repository: file://../authentication-svc
  version: 0.1.0
- name: authorization-svc
  repository: file://../authorization-svc
  version: 0.1.0
- name: fspiop-api-svc
  repository: file://../fspiop-api-svc
  version: 0.1.0
- name: logging-svc
  repository: file://../logging-svc
  version: 0.1.0
- name: participants-svc
  repository: file://../participants-svc
  version: 0.1.0
- name: platform-configuration-svc
  repository: file://../platform-configuration-svc
  version: 0.1.0
- name: quoting-svc
  repository: file://../quoting-svc
  version: 0.1.0
- name: settlements-api-svc
  repository: file://../settlements-api-svc
  version: 0.1.0
- name: settlements-command-handler-svc
  repository: file://../settlements-command-handler-svc
  version: 0.1.0
- name: settlements-event-handler-svc
  repository: file://../settlements-event-handler-svc
  version: 0.1.0
- name: transfers-api-svc
  repository: file://../transfers-api-svc
  version: 0.1.0
- name: transfers-command-handler-svc
  repository: file://../transfers-command-handler-svc
  version: 0.1.0
- name: transfers-event-handler-svc
  repository: file://../transfers-event-handler-svc
  version: 0.1.0
digest: sha256:458e2dd1218946b83adc11ff04164bcda9b74aa8d905d50ae87ea760df06eafc
generated: "2024-03-21T10:41:55.149082049+06:30"
